// !$*UTF8*$!
{
	archiveVersion = 1;
	classes = {
	};
	objectVersion = 51;
	objects = {

/* Begin PBXBuildFile section */
		7E698F1100567D9293133E12 /* Pods_Chuck_Norris_Jokes.framework in Frameworks */ = {isa = PBXBuildFile; fileRef = E5DC40D78FA6D5A1E47DCB6C /* Pods_Chuck_Norris_Jokes.framework */; };
		FA2F7560249C0E15001E517B /* AppDelegate.swift in Sources */ = {isa = PBXBuildFile; fileRef = FA2F755F249C0E15001E517B /* AppDelegate.swift */; };
		FA2F7562249C0E15001E517B /* SceneDelegate.swift in Sources */ = {isa = PBXBuildFile; fileRef = FA2F7561249C0E15001E517B /* SceneDelegate.swift */; };
		FA2F7564249C0E15001E517B /* MainViewController.swift in Sources */ = {isa = PBXBuildFile; fileRef = FA2F7563249C0E15001E517B /* MainViewController.swift */; };
		FA2F7567249C0E15001E517B /* Main.storyboard in Resources */ = {isa = PBXBuildFile; fileRef = FA2F7565249C0E15001E517B /* Main.storyboard */; };
		FA2F7569249C0E17001E517B /* Assets.xcassets in Resources */ = {isa = PBXBuildFile; fileRef = FA2F7568249C0E17001E517B /* Assets.xcassets */; };
		FA2F756C249C0E17001E517B /* LaunchScreen.storyboard in Resources */ = {isa = PBXBuildFile; fileRef = FA2F756A249C0E17001E517B /* LaunchScreen.storyboard */; };
		FA4B5F00249CD3E600276AAA /* NetworkManager.swift in Sources */ = {isa = PBXBuildFile; fileRef = FA4B5EFF249CD3E600276AAA /* NetworkManager.swift */; };
		FA4B5F02249CD48C00276AAA /* Joke.swift in Sources */ = {isa = PBXBuildFile; fileRef = FA4B5F01249CD48C00276AAA /* Joke.swift */; };
		FA524354249E2F69005A9537 /* FullJokeViewController.swift in Sources */ = {isa = PBXBuildFile; fileRef = FA524353249E2F69005A9537 /* FullJokeViewController.swift */; };
		FA8E8791249CFB9000F8F4A6 /* JokesListTableViewController.swift in Sources */ = {isa = PBXBuildFile; fileRef = FA8E8790249CFB9000F8F4A6 /* JokesListTableViewController.swift */; };
		FA8E8793249D01C800F8F4A6 /* DataManager.swift in Sources */ = {isa = PBXBuildFile; fileRef = FA8E8792249D01C800F8F4A6 /* DataManager.swift */; };
		FA8E8797249E226600F8F4A6 /* JokeListTableViewCell.swift in Sources */ = {isa = PBXBuildFile; fileRef = FA8E8796249E226600F8F4A6 /* JokeListTableViewCell.swift */; };
		FAB5C27624A3C0D1004DA7B4 /* beat.mp3 in Resources */ = {isa = PBXBuildFile; fileRef = FAB5C27524A3C0D1004DA7B4 /* beat.mp3 */; };
/* End PBXBuildFile section */

/* Begin PBXFileReference section */
		05F3B86106772823F118392C /* Pods-Chuck Norris Jokes.release.xcconfig */ = {isa = PBXFileReference; includeInIndex = 1; lastKnownFileType = text.xcconfig; name = "Pods-Chuck Norris Jokes.release.xcconfig"; path = "Target Support Files/Pods-Chuck Norris Jokes/Pods-Chuck Norris Jokes.release.xcconfig"; sourceTree = "<group>"; };
		5A3C0320294C5472E7824318 /* Pods-Chuck Norris Jokes.debug.xcconfig */ = {isa = PBXFileReference; includeInIndex = 1; lastKnownFileType = text.xcconfig; name = "Pods-Chuck Norris Jokes.debug.xcconfig"; path = "Target Support Files/Pods-Chuck Norris Jokes/Pods-Chuck Norris Jokes.debug.xcconfig"; sourceTree = "<group>"; };
		E5DC40D78FA6D5A1E47DCB6C /* Pods_Chuck_Norris_Jokes.framework */ = {isa = PBXFileReference; explicitFileType = wrapper.framework; includeInIndex = 0; path = Pods_Chuck_Norris_Jokes.framework; sourceTree = BUILT_PRODUCTS_DIR; };
		FA2F755C249C0E14001E517B /* Chuck Norris Jokes.app */ = {isa = PBXFileReference; explicitFileType = wrapper.application; includeInIndex = 0; path = "Chuck Norris Jokes.app"; sourceTree = BUILT_PRODUCTS_DIR; };
		FA2F755F249C0E15001E517B /* AppDelegate.swift */ = {isa = PBXFileReference; lastKnownFileType = sourcecode.swift; path = AppDelegate.swift; sourceTree = "<group>"; };
		FA2F7561249C0E15001E517B /* SceneDelegate.swift */ = {isa = PBXFileReference; lastKnownFileType = sourcecode.swift; path = SceneDelegate.swift; sourceTree = "<group>"; };
		FA2F7563249C0E15001E517B /* MainViewController.swift */ = {isa = PBXFileReference; lastKnownFileType = sourcecode.swift; path = MainViewController.swift; sourceTree = "<group>"; };
		FA2F7566249C0E15001E517B /* Base */ = {isa = PBXFileReference; lastKnownFileType = file.storyboard; name = Base; path = Base.lproj/Main.storyboard; sourceTree = "<group>"; };
		FA2F7568249C0E17001E517B /* Assets.xcassets */ = {isa = PBXFileReference; lastKnownFileType = folder.assetcatalog; path = Assets.xcassets; sourceTree = "<group>"; };
		FA2F756B249C0E17001E517B /* Base */ = {isa = PBXFileReference; lastKnownFileType = file.storyboard; name = Base; path = Base.lproj/LaunchScreen.storyboard; sourceTree = "<group>"; };
		FA2F756D249C0E17001E517B /* Info.plist */ = {isa = PBXFileReference; lastKnownFileType = text.plist.xml; path = Info.plist; sourceTree = "<group>"; };
		FA4B5EFF249CD3E600276AAA /* NetworkManager.swift */ = {isa = PBXFileReference; lastKnownFileType = sourcecode.swift; path = NetworkManager.swift; sourceTree = "<group>"; };
		FA4B5F01249CD48C00276AAA /* Joke.swift */ = {isa = PBXFileReference; lastKnownFileType = sourcecode.swift; path = Joke.swift; sourceTree = "<group>"; };
		FA524353249E2F69005A9537 /* FullJokeViewController.swift */ = {isa = PBXFileReference; lastKnownFileType = sourcecode.swift; path = FullJokeViewController.swift; sourceTree = "<group>"; };
		FA8E8790249CFB9000F8F4A6 /* JokesListTableViewController.swift */ = {isa = PBXFileReference; lastKnownFileType = sourcecode.swift; path = JokesListTableViewController.swift; sourceTree = "<group>"; };
		FA8E8792249D01C800F8F4A6 /* DataManager.swift */ = {isa = PBXFileReference; lastKnownFileType = sourcecode.swift; path = DataManager.swift; sourceTree = "<group>"; };
		FA8E8796249E226600F8F4A6 /* JokeListTableViewCell.swift */ = {isa = PBXFileReference; lastKnownFileType = sourcecode.swift; path = JokeListTableViewCell.swift; sourceTree = "<group>"; };
		FAB5C27524A3C0D1004DA7B4 /* beat.mp3 */ = {isa = PBXFileReference; lastKnownFileType = audio.mp3; name = beat.mp3; path = ../../../../.Trash/beat.mp3; sourceTree = "<group>"; };
/* End PBXFileReference section */

/* Begin PBXFrameworksBuildPhase section */
		FA2F7559249C0E14001E517B /* Frameworks */ = {
			isa = PBXFrameworksBuildPhase;
			buildActionMask = 2147483647;
			files = (
				7E698F1100567D9293133E12 /* Pods_Chuck_Norris_Jokes.framework in Frameworks */,
			);
			runOnlyForDeploymentPostprocessing = 0;
		};
/* End PBXFrameworksBuildPhase section */

/* Begin PBXGroup section */
		56C8378E8E031D81979C64AA /* Frameworks */ = {
			isa = PBXGroup;
			children = (
				E5DC40D78FA6D5A1E47DCB6C /* Pods_Chuck_Norris_Jokes.framework */,
			);
			name = Frameworks;
			sourceTree = "<group>";
		};
		A6C287B3CC7533AFCFA261D0 /* Pods */ = {
			isa = PBXGroup;
			children = (
				5A3C0320294C5472E7824318 /* Pods-Chuck Norris Jokes.debug.xcconfig */,
				05F3B86106772823F118392C /* Pods-Chuck Norris Jokes.release.xcconfig */,
			);
			path = Pods;
			sourceTree = "<group>";
		};
		FA2F7553249C0E14001E517B = {
			isa = PBXGroup;
			children = (
				FA2F755E249C0E14001E517B /* Chuck Norris Jokes */,
				FA2F755D249C0E14001E517B /* Products */,
				FAB5C27024A3C02F004DA7B4 /* Source */,
				A6C287B3CC7533AFCFA261D0 /* Pods */,
				56C8378E8E031D81979C64AA /* Frameworks */,
			);
			sourceTree = "<group>";
		};
		FA2F755D249C0E14001E517B /* Products */ = {
			isa = PBXGroup;
			children = (
				FA2F755C249C0E14001E517B /* Chuck Norris Jokes.app */,
			);
			name = Products;
			sourceTree = "<group>";
		};
		FA2F755E249C0E14001E517B /* Chuck Norris Jokes */ = {
			isa = PBXGroup;
			children = (
				FA2F756D249C0E17001E517B /* Info.plist */,
				FA68520C249E35AD0023898A /* ViewControllers */,
				FA68520B249E358D0023898A /* Data & Network */,
				FA68520A249E35690023898A /* Models */,
				FA68520F249E36210023898A /* StoryBoards */,
				FA68520D249E35C10023898A /* TableViewControllers */,
				FA68520E249E36010023898A /* Info */,
			);
			path = "Chuck Norris Jokes";
			sourceTree = "<group>";
		};
		FA68520A249E35690023898A /* Models */ = {
			isa = PBXGroup;
			children = (
				FA4B5F01249CD48C00276AAA /* Joke.swift */,
			);
			path = Models;
			sourceTree = "<group>";
		};
		FA68520B249E358D0023898A /* Data & Network */ = {
			isa = PBXGroup;
			children = (
				FA4B5EFF249CD3E600276AAA /* NetworkManager.swift */,
				FA8E8792249D01C800F8F4A6 /* DataManager.swift */,
			);
			path = "Data & Network";
			sourceTree = "<group>";
		};
		FA68520C249E35AD0023898A /* ViewControllers */ = {
			isa = PBXGroup;
			children = (
				FA2F7563249C0E15001E517B /* MainViewController.swift */,
				FA524353249E2F69005A9537 /* FullJokeViewController.swift */,
			);
			path = ViewControllers;
			sourceTree = "<group>";
		};
		FA68520D249E35C10023898A /* TableViewControllers */ = {
			isa = PBXGroup;
			children = (
				FA8E8790249CFB9000F8F4A6 /* JokesListTableViewController.swift */,
				FA8E8796249E226600F8F4A6 /* JokeListTableViewCell.swift */,
			);
			path = TableViewControllers;
			sourceTree = "<group>";
		};
		FA68520E249E36010023898A /* Info */ = {
			isa = PBXGroup;
			children = (
				FA2F755F249C0E15001E517B /* AppDelegate.swift */,
				FA2F7561249C0E15001E517B /* SceneDelegate.swift */,
			);
			path = Info;
			sourceTree = "<group>";
		};
		FA68520F249E36210023898A /* StoryBoards */ = {
			isa = PBXGroup;
			children = (
				FA2F7565249C0E15001E517B /* Main.storyboard */,
				FA2F756A249C0E17001E517B /* LaunchScreen.storyboard */,
			);
			path = StoryBoards;
			sourceTree = "<group>";
		};
		FAB5C27024A3C02F004DA7B4 /* Source */ = {
			isa = PBXGroup;
			children = (
				FAB5C27524A3C0D1004DA7B4 /* beat.mp3 */,
				FA2F7568249C0E17001E517B /* Assets.xcassets */,
			);
			name = Source;
			sourceTree = "<group>";
		};
/* End PBXGroup section */

/* Begin PBXNativeTarget section */
		FA2F755B249C0E14001E517B /* Chuck Norris Jokes */ = {
			isa = PBXNativeTarget;
			buildConfigurationList = FA2F7570249C0E17001E517B /* Build configuration list for PBXNativeTarget "Chuck Norris Jokes" */;
			buildPhases = (
				8BBD2262EE0A55E4BDBEFEAB /* [CP] Check Pods Manifest.lock */,
				FA2F7558249C0E14001E517B /* Sources */,
				FA2F7559249C0E14001E517B /* Frameworks */,
				FA2F755A249C0E14001E517B /* Resources */,
				FE75CA30A9CA4ABBED25165C /* [CP] Embed Pods Frameworks */,
			);
			buildRules = (
			);
			dependencies = (
			);
			name = "Chuck Norris Jokes";
			productName = "Chuck Norris Jokes";
			productReference = FA2F755C249C0E14001E517B /* Chuck Norris Jokes.app */;
			productType = "com.apple.product-type.application";
		};
/* End PBXNativeTarget section */

/* Begin PBXProject section */
		FA2F7554249C0E14001E517B /* Project object */ = {
			isa = PBXProject;
			attributes = {
				LastSwiftUpdateCheck = 1140;
				LastUpgradeCheck = 1140;
				ORGANIZATIONNAME = "Александр Умаров";
				TargetAttributes = {
					FA2F755B249C0E14001E517B = {
						CreatedOnToolsVersion = 11.4.1;
					};
				};
			};
			buildConfigurationList = FA2F7557249C0E14001E517B /* Build configuration list for PBXProject "Chuck Norris Jokes" */;
			compatibilityVersion = "Xcode 9.3";
			developmentRegion = en;
			hasScannedForEncodings = 0;
			knownRegions = (
				en,
				Base,
			);
			mainGroup = FA2F7553249C0E14001E517B;
			productRefGroup = FA2F755D249C0E14001E517B /* Products */;
			projectDirPath = "";
			projectRoot = "";
			targets = (
				FA2F755B249C0E14001E517B /* Chuck Norris Jokes */,
			);
		};
/* End PBXProject section */

/* Begin PBXResourcesBuildPhase section */
		FA2F755A249C0E14001E517B /* Resources */ = {
			isa = PBXResourcesBuildPhase;
			buildActionMask = 2147483647;
			files = (
				FA2F756C249C0E17001E517B /* LaunchScreen.storyboard in Resources */,
				FA2F7569249C0E17001E517B /* Assets.xcassets in Resources */,
				FAB5C27624A3C0D1004DA7B4 /* beat.mp3 in Resources */,
				FA2F7567249C0E15001E517B /* Main.storyboard in Resources */,
			);
			runOnlyForDeploymentPostprocessing = 0;
		};
/* End PBXResourcesBuildPhase section */

/* Begin PBXShellScriptBuildPhase section */
		8BBD2262EE0A55E4BDBEFEAB /* [CP] Check Pods Manifest.lock */ = {
			isa = PBXShellScriptBuildPhase;
			buildActionMask = 2147483647;
			files = (
			);
			inputFileListPaths = (
			);
			inputPaths = (
				"${PODS_PODFILE_DIR_PATH}/Podfile.lock",
				"${PODS_ROOT}/Manifest.lock",
			);
			name = "[CP] Check Pods Manifest.lock";
			outputFileListPaths = (
			);
			outputPaths = (
				"$(DERIVED_FILE_DIR)/Pods-Chuck Norris Jokes-checkManifestLockResult.txt",
			);
			runOnlyForDeploymentPostprocessing = 0;
			shellPath = /bin/sh;
			shellScript = "diff \"${PODS_PODFILE_DIR_PATH}/Podfile.lock\" \"${PODS_ROOT}/Manifest.lock\" > /dev/null\nif [ $? != 0 ] ; then\n    # print error to STDERR\n    echo \"error: The sandbox is not in sync with the Podfile.lock. Run 'pod install' or update your CocoaPods installation.\" >&2\n    exit 1\nfi\n# This output is used by Xcode 'outputs' to avoid re-running this script phase.\necho \"SUCCESS\" > \"${SCRIPT_OUTPUT_FILE_0}\"\n";
			showEnvVarsInLog = 0;
		};
		FE75CA30A9CA4ABBED25165C /* [CP] Embed Pods Frameworks */ = {
			isa = PBXShellScriptBuildPhase;
			buildActionMask = 2147483647;
			files = (
			);
			inputFileListPaths = (
				"${PODS_ROOT}/Target Support Files/Pods-Chuck Norris Jokes/Pods-Chuck Norris Jokes-frameworks-${CONFIGURATION}-input-files.xcfilelist",
			);
			name = "[CP] Embed Pods Frameworks";
			outputFileListPaths = (
				"${PODS_ROOT}/Target Support Files/Pods-Chuck Norris Jokes/Pods-Chuck Norris Jokes-frameworks-${CONFIGURATION}-output-files.xcfilelist",
			);
			runOnlyForDeploymentPostprocessing = 0;
			shellPath = /bin/sh;
			shellScript = "\"${PODS_ROOT}/Target Support Files/Pods-Chuck Norris Jokes/Pods-Chuck Norris Jokes-frameworks.sh\"\n";
			showEnvVarsInLog = 0;
		};
/* End PBXShellScriptBuildPhase section */

/* Begin PBXSourcesBuildPhase section */
		FA2F7558249C0E14001E517B /* Sources */ = {
			isa = PBXSourcesBuildPhase;
			buildActionMask = 2147483647;
			files = (
				FA8E8791249CFB9000F8F4A6 /* JokesListTableViewController.swift in Sources */,
				FA4B5F00249CD3E600276AAA /* NetworkManager.swift in Sources */,
				FA4B5F02249CD48C00276AAA /* Joke.swift in Sources */,
				FA8E8793249D01C800F8F4A6 /* DataManager.swift in Sources */,
				FA2F7564249C0E15001E517B /* MainViewController.swift in Sources */,
				FA2F7560249C0E15001E517B /* AppDelegate.swift in Sources */,
				FA524354249E2F69005A9537 /* FullJokeViewController.swift in Sources */,
				FA8E8797249E226600F8F4A6 /* JokeListTableViewCell.swift in Sources */,
				FA2F7562249C0E15001E517B /* SceneDelegate.swift in Sources */,
			);
			runOnlyForDeploymentPostprocessing = 0;
		};
/* End PBXSourcesBuildPhase section */

/* Begin PBXVariantGroup section */
		FA2F7565249C0E15001E517B /* Main.storyboard */ = {
			isa = PBXVariantGroup;
			children = (
				FA2F7566249C0E15001E517B /* Base */,
			);
			name = Main.storyboard;
			sourceTree = "<group>";
		};
		FA2F756A249C0E17001E517B /* LaunchScreen.storyboard */ = {
			isa = PBXVariantGroup;
			children = (
				FA2F756B249C0E17001E517B /* Base */,
			);
			name = LaunchScreen.storyboard;
			sourceTree = "<group>";
		};
/* End PBXVariantGroup section */

/* Begin XCBuildConfiguration section */
		FA2F756E249C0E17001E517B /* Debug */ = {
			isa = XCBuildConfiguration;
			buildSettings = {
				ALWAYS_SEARCH_USER_PATHS = NO;
				CLANG_ANALYZER_NONNULL = YES;
				CLANG_ANALYZER_NUMBER_OBJECT_CONVERSION = YES_AGGRESSIVE;
				CLANG_CXX_LANGUAGE_STANDARD = "gnu++14";
				CLANG_CXX_LIBRARY = "libc++";
				CLANG_ENABLE_MODULES = YES;
				CLANG_ENABLE_OBJC_ARC = YES;
				CLANG_ENABLE_OBJC_WEAK = YES;
				CLANG_WARN_BLOCK_CAPTURE_AUTORELEASING = YES;
				CLANG_WARN_BOOL_CONVERSION = YES;
				CLANG_WARN_COMMA = YES;
				CLANG_WARN_CONSTANT_CONVERSION = YES;
				CLANG_WARN_DEPRECATED_OBJC_IMPLEMENTATIONS = YES;
				CLANG_WARN_DIRECT_OBJC_ISA_USAGE = YES_ERROR;
				CLANG_WARN_DOCUMENTATION_COMMENTS = YES;
				CLANG_WARN_EMPTY_BODY = YES;
				CLANG_WARN_ENUM_CONVERSION = YES;
				CLANG_WARN_INFINITE_RECURSION = YES;
				CLANG_WARN_INT_CONVERSION = YES;
				CLANG_WARN_NON_LITERAL_NULL_CONVERSION = YES;
				CLANG_WARN_OBJC_IMPLICIT_RETAIN_SELF = YES;
				CLANG_WARN_OBJC_LITERAL_CONVERSION = YES;
				CLANG_WARN_OBJC_ROOT_CLASS = YES_ERROR;
				CLANG_WARN_RANGE_LOOP_ANALYSIS = YES;
				CLANG_WARN_STRICT_PROTOTYPES = YES;
				CLANG_WARN_SUSPICIOUS_MOVE = YES;
				CLANG_WARN_UNGUARDED_AVAILABILITY = YES_AGGRESSIVE;
				CLANG_WARN_UNREACHABLE_CODE = YES;
				CLANG_WARN__DUPLICATE_METHOD_MATCH = YES;
				COPY_PHASE_STRIP = NO;
				DEBUG_INFORMATION_FORMAT = dwarf;
				ENABLE_STRICT_OBJC_MSGSEND = YES;
				ENABLE_TESTABILITY = YES;
				GCC_C_LANGUAGE_STANDARD = gnu11;
				GCC_DYNAMIC_NO_PIC = NO;
				GCC_NO_COMMON_BLOCKS = YES;
				GCC_OPTIMIZATION_LEVEL = 0;
				GCC_PREPROCESSOR_DEFINITIONS = (
					"DEBUG=1",
					"$(inherited)",
				);
				GCC_WARN_64_TO_32_BIT_CONVERSION = YES;
				GCC_WARN_ABOUT_RETURN_TYPE = YES_ERROR;
				GCC_WARN_UNDECLARED_SELECTOR = YES;
				GCC_WARN_UNINITIALIZED_AUTOS = YES_AGGRESSIVE;
				GCC_WARN_UNUSED_FUNCTION = YES;
				GCC_WARN_UNUSED_VARIABLE = YES;
				IPHONEOS_DEPLOYMENT_TARGET = 13.4;
				MTL_ENABLE_DEBUG_INFO = INCLUDE_SOURCE;
				MTL_FAST_MATH = YES;
				ONLY_ACTIVE_ARCH = YES;
				SDKROOT = iphoneos;
				SWIFT_ACTIVE_COMPILATION_CONDITIONS = DEBUG;
				SWIFT_OPTIMIZATION_LEVEL = "-Onone";
			};
			name = Debug;
		};
		FA2F756F249C0E17001E517B /* Release */ = {
			isa = XCBuildConfiguration;
			buildSettings = {
				ALWAYS_SEARCH_USER_PATHS = NO;
				CLANG_ANALYZER_NONNULL = YES;
				CLANG_ANALYZER_NUMBER_OBJECT_CONVERSION = YES_AGGRESSIVE;
				CLANG_CXX_LANGUAGE_STANDARD = "gnu++14";
				CLANG_CXX_LIBRARY = "libc++";
				CLANG_ENABLE_MODULES = YES;
				CLANG_ENABLE_OBJC_ARC = YES;
				CLANG_ENABLE_OBJC_WEAK = YES;
				CLANG_WARN_BLOCK_CAPTURE_AUTORELEASING = YES;
				CLANG_WARN_BOOL_CONVERSION = YES;
				CLANG_WARN_COMMA = YES;
				CLANG_WARN_CONSTANT_CONVERSION = YES;
				CLANG_WARN_DEPRECATED_OBJC_IMPLEMENTATIONS = YES;
				CLANG_WARN_DIRECT_OBJC_ISA_USAGE = YES_ERROR;
				CLANG_WARN_DOCUMENTATION_COMMENTS = YES;
				CLANG_WARN_EMPTY_BODY = YES;
				CLANG_WARN_ENUM_CONVERSION = YES;
				CLANG_WARN_INFINITE_RECURSION = YES;
				CLANG_WARN_INT_CONVERSION = YES;
				CLANG_WARN_NON_LITERAL_NULL_CONVERSION = YES;
				CLANG_WARN_OBJC_IMPLICIT_RETAIN_SELF = YES;
				CLANG_WARN_OBJC_LITERAL_CONVERSION = YES;
				CLANG_WARN_OBJC_ROOT_CLASS = YES_ERROR;
				CLANG_WARN_RANGE_LOOP_ANALYSIS = YES;
				CLANG_WARN_STRICT_PROTOTYPES = YES;
				CLANG_WARN_SUSPICIOUS_MOVE = YES;
				CLANG_WARN_UNGUARDED_AVAILABILITY = YES_AGGRESSIVE;
				CLANG_WARN_UNREACHABLE_CODE = YES;
				CLANG_WARN__DUPLICATE_METHOD_MATCH = YES;
				COPY_PHASE_STRIP = NO;
				DEBUG_INFORMATION_FORMAT = "dwarf-with-dsym";
				ENABLE_NS_ASSERTIONS = NO;
				ENABLE_STRICT_OBJC_MSGSEND = YES;
				GCC_C_LANGUAGE_STANDARD = gnu11;
				GCC_NO_COMMON_BLOCKS = YES;
				GCC_WARN_64_TO_32_BIT_CONVERSION = YES;
				GCC_WARN_ABOUT_RETURN_TYPE = YES_ERROR;
				GCC_WARN_UNDECLARED_SELECTOR = YES;
				GCC_WARN_UNINITIALIZED_AUTOS = YES_AGGRESSIVE;
				GCC_WARN_UNUSED_FUNCTION = YES;
				GCC_WARN_UNUSED_VARIABLE = YES;
				IPHONEOS_DEPLOYMENT_TARGET = 13.4;
				MTL_ENABLE_DEBUG_INFO = NO;
				MTL_FAST_MATH = YES;
				SDKROOT = iphoneos;
				SWIFT_COMPILATION_MODE = wholemodule;
				SWIFT_OPTIMIZATION_LEVEL = "-O";
				VALIDATE_PRODUCT = YES;
			};
			name = Release;
		};
		FA2F7571249C0E17001E517B /* Debug */ = {
			isa = XCBuildConfiguration;
			baseConfigurationReference = 5A3C0320294C5472E7824318 /* Pods-Chuck Norris Jokes.debug.xcconfig */;
			buildSettings = {
				ASSETCATALOG_COMPILER_APPICON_NAME = AppIcon;
				CODE_SIGN_STYLE = Automatic;
				DEVELOPMENT_TEAM = B5VM7C6TM4;
				INFOPLIST_FILE = "Chuck Norris Jokes/Info.plist";
				IPHONEOS_DEPLOYMENT_TARGET = 13.0;
				LD_RUNPATH_SEARCH_PATHS = (
					"$(inherited)",
					"@executable_path/Frameworks",
				);
				PRODUCT_BUNDLE_IDENTIFIER = "com.jetlaunch.Chuck-Norris-Jokes";
				PRODUCT_NAME = "$(TARGET_NAME)";
				SWIFT_VERSION = 5.0;
				TARGETED_DEVICE_FAMILY = "1,2";
			};
			name = Debug;
		};
		FA2F7572249C0E17001E517B /* Release */ = {
			isa = XCBuildConfiguration;
			baseConfigurationReference = 05F3B86106772823F118392C /* Pods-Chuck Norris Jokes.release.xcconfig */;
			buildSettings = {
				ASSETCATALOG_COMPILER_APPICON_NAME = AppIcon;
				CODE_SIGN_STYLE = Automatic;
				DEVELOPMENT_TEAM = B5VM7C6TM4;
				INFOPLIST_FILE = "Chuck Norris Jokes/Info.plist";
				IPHONEOS_DEPLOYMENT_TARGET = 13.0;
				LD_RUNPATH_SEARCH_PATHS = (
					"$(inherited)",
					"@executable_path/Frameworks",
				);
				PRODUCT_BUNDLE_IDENTIFIER = "com.jetlaunch.Chuck-Norris-Jokes";
				PRODUCT_NAME = "$(TARGET_NAME)";
				SWIFT_VERSION = 5.0;
				TARGETED_DEVICE_FAMILY = "1,2";
			};
			name = Release;
		};
/* End XCBuildConfiguration section */

/* Begin XCConfigurationList section */
		FA2F7557249C0E14001E517B /* Build configuration list for PBXProject "Chuck Norris Jokes" */ = {
			isa = XCConfigurationList;
			buildConfigurations = (
				FA2F756E249C0E17001E517B /* Debug */,
				FA2F756F249C0E17001E517B /* Release */,
			);
			defaultConfigurationIsVisible = 0;
			defaultConfigurationName = Release;
		};
		FA2F7570249C0E17001E517B /* Build configuration list for PBXNativeTarget "Chuck Norris Jokes" */ = {
			isa = XCConfigurationList;
			buildConfigurations = (
				FA2F7571249C0E17001E517B /* Debug */,
				FA2F7572249C0E17001E517B /* Release */,
			);
			defaultConfigurationIsVisible = 0;
			defaultConfigurationName = Release;
		};
/* End XCConfigurationList section */
	};
	rootObject = FA2F7554249C0E14001E517B /* Project object */;
}
